
Microsoft Visual Studio Solution File, Format Version 12.00
# Visual Studio 15
VisualStudioVersion = 15.0.26730.10
MinimumVisualStudioVersion = 10.0.40219.1
Project("{9A19103F-16F7-4668-BE54-9A1E7A4F7556}") = "Warner.Analyzer", "Warner.Analyzer\Warner.Analyzer.csproj", "{AD5D4FCC-48E8-4AD2-9DC7-51D8E2C74B59}"
EndProject
Project("{9A19103F-16F7-4668-BE54-9A1E7A4F7556}") = "Warner.Domain", "Warner.Domain\Warner.Domain.csproj", "{D0456F9C-B36D-47EF-A4C7-ECC2BB1EB14C}"
EndProject
Project("{9A19103F-16F7-4668-BE54-9A1E7A4F7556}") = "Warner.Analyzer.Test", "Warner.Analyzer.Test\Warner.Analyzer.Test.csproj", "{AB0116BE-C860-4B09-9366-6CEE121166EE}"
EndProject
Project("{9A19103F-16F7-4668-BE54-9A1E7A4F7556}") = "Warner.Api", "Warner.Api\Warner.Api.csproj", "{A5A15B15-D308-417C-A298-CAB230B91116}"
EndProject
Project("{9A19103F-16F7-4668-BE54-9A1E7A4F7556}") = "Warner.Api.Test", "Warner.Api.Test\Warner.Api.Test.csproj", "{87A6AD01-8FB5-4707-9B0B-5DAA7B3D8BD9}"
EndProject
Project("{9A19103F-16F7-4668-BE54-9A1E7A4F7556}") = "Warner.Firefighter", "Warner.Firefighter\Warner.Firefighter.csproj", "{3C712E6B-60FA-460D-A4AF-E6D39761C21E}"
EndProject
Project("{9A19103F-16F7-4668-BE54-9A1E7A4F7556}") = "Warner.Analyzer.LogWrapper", "Warner.Analyzer.LogWrapper\Warner.Analyzer.LogWrapper.csproj", "{4114A6D1-82C1-48C6-997B-39174588034D}"
EndProject
Project("{9A19103F-16F7-4668-BE54-9A1E7A4F7556}") = "Warner.Reportage", "Warner.Reportage\Warner.Reportage.csproj", "{DBF57598-4B88-466A-8D77-585AFA3739F9}"
EndProject
Project("{9A19103F-16F7-4668-BE54-9A1E7A4F7556}") = "Warner.Persistency", "Warner.Persistency\Warner.Persistency.csproj", "{C7E02C95-5454-4067-ABEA-A736D4EA561C}"
EndProject
Project("{9A19103F-16F7-4668-BE54-9A1E7A4F7556}") = "Warner.Api.Gateway", "Warner.Api.Gateway\Warner.Api.Gateway.csproj", "{3E03EA8B-3238-4D75-8905-6CD6A7695504}"
EndProject
Project("{9A19103F-16F7-4668-BE54-9A1E7A4F7556}") = "Warner.Api.Configuration", "Warner.Api.Configuration\Warner.Api.Configuration.csproj", "{A67516BA-BDF7-4ED6-B1E2-1BFFC3FEB8FC}"
EndProject
Project("{FAE04EC0-301F-11D3-BF4B-00C04F79EFBC}") = "Warner.Reportage.Test", "Warner.Reportage.Test\Warner.Reportage.Test.csproj", "{610520DE-0BF3-4681-9865-6268ACCC2596}"
EndProject
Global
	GlobalSection(SolutionConfigurationPlatforms) = preSolution
		Debug|Any CPU = Debug|Any CPU
		Release|Any CPU = Release|Any CPU
	EndGlobalSection
	GlobalSection(ProjectConfigurationPlatforms) = postSolution
		{AD5D4FCC-48E8-4AD2-9DC7-51D8E2C74B59}.Debug|Any CPU.ActiveCfg = Debug|Any CPU
		{AD5D4FCC-48E8-4AD2-9DC7-51D8E2C74B59}.Debug|Any CPU.Build.0 = Debug|Any CPU
		{AD5D4FCC-48E8-4AD2-9DC7-51D8E2C74B59}.Release|Any CPU.ActiveCfg = Release|Any CPU
		{AD5D4FCC-48E8-4AD2-9DC7-51D8E2C74B59}.Release|Any CPU.Build.0 = Release|Any CPU
		{D0456F9C-B36D-47EF-A4C7-ECC2BB1EB14C}.Debug|Any CPU.ActiveCfg = Debug|Any CPU
		{D0456F9C-B36D-47EF-A4C7-ECC2BB1EB14C}.Debug|Any CPU.Build.0 = Debug|Any CPU
		{D0456F9C-B36D-47EF-A4C7-ECC2BB1EB14C}.Release|Any CPU.ActiveCfg = Release|Any CPU
		{D0456F9C-B36D-47EF-A4C7-ECC2BB1EB14C}.Release|Any CPU.Build.0 = Release|Any CPU
		{AB0116BE-C860-4B09-9366-6CEE121166EE}.Debug|Any CPU.ActiveCfg = Debug|Any CPU
		{AB0116BE-C860-4B09-9366-6CEE121166EE}.Debug|Any CPU.Build.0 = Debug|Any CPU
		{AB0116BE-C860-4B09-9366-6CEE121166EE}.Release|Any CPU.ActiveCfg = Release|Any CPU
		{AB0116BE-C860-4B09-9366-6CEE121166EE}.Release|Any CPU.Build.0 = Release|Any CPU
		{A5A15B15-D308-417C-A298-CAB230B91116}.Debug|Any CPU.ActiveCfg = Debug|Any CPU
		{A5A15B15-D308-417C-A298-CAB230B91116}.Debug|Any CPU.Build.0 = Debug|Any CPU
		{A5A15B15-D308-417C-A298-CAB230B91116}.Release|Any CPU.ActiveCfg = Release|Any CPU
		{A5A15B15-D308-417C-A298-CAB230B91116}.Release|Any CPU.Build.0 = Release|Any CPU
		{87A6AD01-8FB5-4707-9B0B-5DAA7B3D8BD9}.Debug|Any CPU.ActiveCfg = Debug|Any CPU
		{87A6AD01-8FB5-4707-9B0B-5DAA7B3D8BD9}.Debug|Any CPU.Build.0 = Debug|Any CPU
		{87A6AD01-8FB5-4707-9B0B-5DAA7B3D8BD9}.Release|Any CPU.ActiveCfg = Release|Any CPU
		{87A6AD01-8FB5-4707-9B0B-5DAA7B3D8BD9}.Release|Any CPU.Build.0 = Release|Any CPU
		{3C712E6B-60FA-460D-A4AF-E6D39761C21E}.Debug|Any CPU.ActiveCfg = Debug|Any CPU
		{3C712E6B-60FA-460D-A4AF-E6D39761C21E}.Debug|Any CPU.Build.0 = Debug|Any CPU
		{3C712E6B-60FA-460D-A4AF-E6D39761C21E}.Release|Any CPU.ActiveCfg = Release|Any CPU
		{3C712E6B-60FA-460D-A4AF-E6D39761C21E}.Release|Any CPU.Build.0 = Release|Any CPU
		{4114A6D1-82C1-48C6-997B-39174588034D}.Debug|Any CPU.ActiveCfg = Debug|Any CPU
		{4114A6D1-82C1-48C6-997B-39174588034D}.Debug|Any CPU.Build.0 = Debug|Any CPU
		{4114A6D1-82C1-48C6-997B-39174588034D}.Release|Any CPU.ActiveCfg = Release|Any CPU
		{4114A6D1-82C1-48C6-997B-39174588034D}.Release|Any CPU.Build.0 = Release|Any CPU
		{DBF57598-4B88-466A-8D77-585AFA3739F9}.Debug|Any CPU.ActiveCfg = Debug|Any CPU
		{DBF57598-4B88-466A-8D77-585AFA3739F9}.Debug|Any CPU.Build.0 = Debug|Any CPU
		{DBF57598-4B88-466A-8D77-585AFA3739F9}.Release|Any CPU.ActiveCfg = Release|Any CPU
		{DBF57598-4B88-466A-8D77-585AFA3739F9}.Release|Any CPU.Build.0 = Release|Any CPU
		{C7E02C95-5454-4067-ABEA-A736D4EA561C}.Debug|Any CPU.ActiveCfg = Debug|Any CPU
		{C7E02C95-5454-4067-ABEA-A736D4EA561C}.Debug|Any CPU.Build.0 = Debug|Any CPU
		{C7E02C95-5454-4067-ABEA-A736D4EA561C}.Release|Any CPU.ActiveCfg = Release|Any CPU
		{C7E02C95-5454-4067-ABEA-A736D4EA561C}.Release|Any CPU.Build.0 = Release|Any CPU
		{3E03EA8B-3238-4D75-8905-6CD6A7695504}.Debug|Any CPU.ActiveCfg = Debug|Any CPU
		{3E03EA8B-3238-4D75-8905-6CD6A7695504}.Debug|Any CPU.Build.0 = Debug|Any CPU
		{3E03EA8B-3238-4D75-8905-6CD6A7695504}.Release|Any CPU.ActiveCfg = Release|Any CPU
		{3E03EA8B-3238-4D75-8905-6CD6A7695504}.Release|Any CPU.Build.0 = Release|Any CPU
		{A67516BA-BDF7-4ED6-B1E2-1BFFC3FEB8FC}.Debug|Any CPU.ActiveCfg = Debug|Any CPU
		{A67516BA-BDF7-4ED6-B1E2-1BFFC3FEB8FC}.Debug|Any CPU.Build.0 = Debug|Any CPU
		{A67516BA-BDF7-4ED6-B1E2-1BFFC3FEB8FC}.Release|Any CPU.ActiveCfg = Release|Any CPU
		{A67516BA-BDF7-4ED6-B1E2-1BFFC3FEB8FC}.Release|Any CPU.Build.0 = Release|Any CPU
		{610520DE-0BF3-4681-9865-6268ACCC2596}.Debug|Any CPU.ActiveCfg = Debug|Any CPU
		{610520DE-0BF3-4681-9865-6268ACCC2596}.Debug|Any CPU.Build.0 = Debug|Any CPU
		{610520DE-0BF3-4681-9865-6268ACCC2596}.Release|Any CPU.ActiveCfg = Release|Any CPU
		{610520DE-0BF3-4681-9865-6268ACCC2596}.Release|Any CPU.Build.0 = Release|Any CPU
	EndGlobalSection
	GlobalSection(SolutionProperties) = preSolution
		HideSolutionNode = FALSE
	EndGlobalSection
	GlobalSection(ExtensibilityGlobals) = postSolution
		SolutionGuid = {5E6FE526-BA23-45DE-B6A7-C7D614837478}
	EndGlobalSection
EndGlobal
